
Microsoft Visual Studio Solution File, Format Version 12.00
# Visual Studio 15
VisualStudioVersion = 15.0.27130.2027
MinimumVisualStudioVersion = 10.0.40219.1
Project("{FAE04EC0-301F-11D3-BF4B-00C04F79EFBC}") = "MakePasswords", "MakePasswords\MakePasswords.csproj", "{60C156E1-E9F0-4575-8D2D-5D79BD3422A4}"
EndProject
Global
	GlobalSection(SolutionConfigurationPlatforms) = preSolution
		Debug|Any CPU = Debug|Any CPU
		Release|Any CPU = Release|Any CPU
	EndGlobalSection
	GlobalSection(ProjectConfigurationPlatforms) = postSolution
		{60C156E1-E9F0-4575-8D2D-5D79BD3422A4}.Debug|Any CPU.ActiveCfg = Debug|Any CPU
		{60C156E1-E9F0-4575-8D2D-5D79BD3422A4}.Debug|Any CPU.Build.0 = Debug|Any CPU
		{60C156E1-E9F0-4575-8D2D-5D79BD3422A4}.Release|Any CPU.ActiveCfg = Release|Any CPU
		{60C156E1-E9F0-4575-8D2D-5D79BD3422A4}.Release|Any CPU.Build.0 = Release|Any CPU
	EndGlobalSection
	GlobalSection(SolutionProperties) = preSolution
		HideSolutionNode = FALSE
	EndGlobalSection
	GlobalSection(ExtensibilityGlobals) = postSolution
		SolutionGuid = {4708B4F8-C862-4861-A13E-85FF90FAD88B}
	EndGlobalSection
EndGlobal
